
Microsoft Visual Studio Solution File, Format Version 12.00
# Visual Studio 15
VisualStudioVersion = 15.0.28307.168
MinimumVisualStudioVersion = 10.0.40219.1
Project("{FAE04EC0-301F-11D3-BF4B-00C04F79EFBC}") = "c0725563_week04", "c0725563_week04\c0725563_week04.csproj", "{1EC34774-34B9-4989-92C3-A6F43728BFA3}"
EndProject
Global
	GlobalSection(SolutionConfigurationPlatforms) = preSolution
		Debug|Any CPU = Debug|Any CPU
		Release|Any CPU = Release|Any CPU
	EndGlobalSection
	GlobalSection(ProjectConfigurationPlatforms) = postSolution
		{1EC34774-34B9-4989-92C3-A6F43728BFA3}.Debug|Any CPU.ActiveCfg = Debug|Any CPU
		{1EC34774-34B9-4989-92C3-A6F43728BFA3}.Debug|Any CPU.Build.0 = Debug|Any CPU
		{1EC34774-34B9-4989-92C3-A6F43728BFA3}.Release|Any CPU.ActiveCfg = Release|Any CPU
		{1EC34774-34B9-4989-92C3-A6F43728BFA3}.Release|Any CPU.Build.0 = Release|Any CPU
	EndGlobalSection
	GlobalSection(SolutionProperties) = preSolution
		HideSolutionNode = FALSE
	EndGlobalSection
	GlobalSection(ExtensibilityGlobals) = postSolution
		SolutionGuid = {4B8536F6-7AE4-4C23-BAC1-F9B0BCF8CC67}
	EndGlobalSection
EndGlobal
